
Microsoft Visual Studio Solution File, Format Version 12.00
# Visual Studio Version 16
VisualStudioVersion = 16.0.29503.13
MinimumVisualStudioVersion = 10.0.40219.1
Project("{FAE04EC0-301F-11D3-BF4B-00C04F79EFBC}") = "BlueOrange", "BlueOrange\BlueOrange.csproj", "{08D1998F-DD9B-4DFB-8C35-89A2365BD4D1}"
EndProject
Project("{FAE04EC0-301F-11D3-BF4B-00C04F79EFBC}") = "BlueOrange.Compiler", "BlueOrange.Compiler\BlueOrange.Compiler.csproj", "{BF3534A2-C117-43C6-8876-078FEC6DB3B6}"
EndProject
Project("{FAE04EC0-301F-11D3-BF4B-00C04F79EFBC}") = "BlueOrange.Test", "BlueOrange.Test\BlueOrange.Test.csproj", "{B35F0437-7C15-4B44-8692-4697FC52BA12}"
EndProject
Global
	GlobalSection(SolutionConfigurationPlatforms) = preSolution
		Debug|Any CPU = Debug|Any CPU
		Release|Any CPU = Release|Any CPU
	EndGlobalSection
	GlobalSection(ProjectConfigurationPlatforms) = postSolution
		{08D1998F-DD9B-4DFB-8C35-89A2365BD4D1}.Debug|Any CPU.ActiveCfg = Debug|Any CPU
		{08D1998F-DD9B-4DFB-8C35-89A2365BD4D1}.Debug|Any CPU.Build.0 = Debug|Any CPU
		{08D1998F-DD9B-4DFB-8C35-89A2365BD4D1}.Release|Any CPU.ActiveCfg = Release|Any CPU
		{08D1998F-DD9B-4DFB-8C35-89A2365BD4D1}.Release|Any CPU.Build.0 = Release|Any CPU
		{BF3534A2-C117-43C6-8876-078FEC6DB3B6}.Debug|Any CPU.ActiveCfg = Debug|Any CPU
		{BF3534A2-C117-43C6-8876-078FEC6DB3B6}.Debug|Any CPU.Build.0 = Debug|Any CPU
		{BF3534A2-C117-43C6-8876-078FEC6DB3B6}.Release|Any CPU.ActiveCfg = Release|Any CPU
		{BF3534A2-C117-43C6-8876-078FEC6DB3B6}.Release|Any CPU.Build.0 = Release|Any CPU
		{B35F0437-7C15-4B44-8692-4697FC52BA12}.Debug|Any CPU.ActiveCfg = Debug|Any CPU
		{B35F0437-7C15-4B44-8692-4697FC52BA12}.Debug|Any CPU.Build.0 = Debug|Any CPU
		{B35F0437-7C15-4B44-8692-4697FC52BA12}.Release|Any CPU.ActiveCfg = Release|Any CPU
		{B35F0437-7C15-4B44-8692-4697FC52BA12}.Release|Any CPU.Build.0 = Release|Any CPU
	EndGlobalSection
	GlobalSection(SolutionProperties) = preSolution
		HideSolutionNode = FALSE
	EndGlobalSection
	GlobalSection(ExtensibilityGlobals) = postSolution
		SolutionGuid = {B879194E-818E-4FA1-BA80-F3EF6C903A82}
	EndGlobalSection
EndGlobal
